
Microsoft Visual Studio Solution File, Format Version 12.00
# Visual Studio Version 17
VisualStudioVersion = 17.10.34928.147
MinimumVisualStudioVersion = 10.0.40219.1
Project("{FAE04EC0-301F-11D3-BF4B-00C04F79EFBC}") = "TCPServer01", "TCPServer01\TCPServer01.csproj", "{68ABA256-F817-4122-9ECF-5A5B39C30B1E}"
EndProject
Global
	GlobalSection(SolutionConfigurationPlatforms) = preSolution
		Debug|Any CPU = Debug|Any CPU
		Release|Any CPU = Release|Any CPU
	EndGlobalSection
	GlobalSection(ProjectConfigurationPlatforms) = postSolution
		{68ABA256-F817-4122-9ECF-5A5B39C30B1E}.Debug|Any CPU.ActiveCfg = Debug|Any CPU
		{68ABA256-F817-4122-9ECF-5A5B39C30B1E}.Debug|Any CPU.Build.0 = Debug|Any CPU
		{68ABA256-F817-4122-9ECF-5A5B39C30B1E}.Release|Any CPU.ActiveCfg = Release|Any CPU
		{68ABA256-F817-4122-9ECF-5A5B39C30B1E}.Release|Any CPU.Build.0 = Release|Any CPU
	EndGlobalSection
	GlobalSection(SolutionProperties) = preSolution
		HideSolutionNode = FALSE
	EndGlobalSection
	GlobalSection(ExtensibilityGlobals) = postSolution
		SolutionGuid = {0CE8C766-FFC4-45A8-8E75-A0E646241396}
	EndGlobalSection
EndGlobal
